github.com/ramsng/sub02 v0.0.0-20240106193659-eb953661b1c2 h1:tOqYC2E2sWxcyvdbZKZT2LLqByuSOdFtfQFhkGinVpY=
github.com/ramsng/sub02 v0.0.0-20240106193659-eb953661b1c2/go.mod h1:lquDwpvIUDNwJB+QbIS15tSMLtcbSc0jOxRE8FF/keo=
github.com/ramsng/sub03 v0.0.0-20240106194132-bc3d0ffb083e h1:tIUj66lEBDUW2D0EhdHiSqqGPdZOfmx10oTi3gJiFSo=
github.com/ramsng/sub03 v0.0.0-20240106194132-bc3d0ffb083e/go.mod h1:UclzvxKDZo9zVLvE/kY9hxrrO5GMy45OY1yn6xb2lSI=
